
Microsoft Visual Studio Solution File, Format Version 12.00
# Visual Studio Version 17
VisualStudioVersion = 17.8.34525.116
MinimumVisualStudioVersion = 10.0.40219.1
Project("{9A19103F-16F7-4668-BE54-9A1E7A4F7556}") = "HotelProject.Web", "HotelProject.Web\HotelProject.Web.csproj", "{7DB24522-4CD7-4E15-A589-1355C10FE92A}"
EndProject
Project("{FAE04EC0-301F-11D3-BF4B-00C04F79EFBC}") = "HotelProject.Data", "HotelProject.Data\HotelProject.Data.csproj", "{215BE7E1-E7A6-4FE3-ADA5-FB99ED2B893A}"
EndProject
Project("{FAE04EC0-301F-11D3-BF4B-00C04F79EFBC}") = "HotelProject.Models", "HotelProject.Models\HotelProject.Models.csproj", "{C78A252C-A51F-49D4-B10C-5F4F61C4FD73}"
EndProject
Project("{FAE04EC0-301F-11D3-BF4B-00C04F79EFBC}") = "HotelProject.Repository", "HotelProject.Repository\HotelProject.Repository.csproj", "{1862BE55-C350-41BB-A246-154F8ADB9636}"
EndProject
Global
	GlobalSection(SolutionConfigurationPlatforms) = preSolution
		Debug|Any CPU = Debug|Any CPU
		Release|Any CPU = Release|Any CPU
	EndGlobalSection
	GlobalSection(ProjectConfigurationPlatforms) = postSolution
		{7DB24522-4CD7-4E15-A589-1355C10FE92A}.Debug|Any CPU.ActiveCfg = Debug|Any CPU
		{7DB24522-4CD7-4E15-A589-1355C10FE92A}.Debug|Any CPU.Build.0 = Debug|Any CPU
		{7DB24522-4CD7-4E15-A589-1355C10FE92A}.Release|Any CPU.ActiveCfg = Release|Any CPU
		{7DB24522-4CD7-4E15-A589-1355C10FE92A}.Release|Any CPU.Build.0 = Release|Any CPU
		{215BE7E1-E7A6-4FE3-ADA5-FB99ED2B893A}.Debug|Any CPU.ActiveCfg = Debug|Any CPU
		{215BE7E1-E7A6-4FE3-ADA5-FB99ED2B893A}.Debug|Any CPU.Build.0 = Debug|Any CPU
		{215BE7E1-E7A6-4FE3-ADA5-FB99ED2B893A}.Release|Any CPU.ActiveCfg = Release|Any CPU
		{215BE7E1-E7A6-4FE3-ADA5-FB99ED2B893A}.Release|Any CPU.Build.0 = Release|Any CPU
		{C78A252C-A51F-49D4-B10C-5F4F61C4FD73}.Debug|Any CPU.ActiveCfg = Debug|Any CPU
		{C78A252C-A51F-49D4-B10C-5F4F61C4FD73}.Debug|Any CPU.Build.0 = Debug|Any CPU
		{C78A252C-A51F-49D4-B10C-5F4F61C4FD73}.Release|Any CPU.ActiveCfg = Release|Any CPU
		{C78A252C-A51F-49D4-B10C-5F4F61C4FD73}.Release|Any CPU.Build.0 = Release|Any CPU
		{1862BE55-C350-41BB-A246-154F8ADB9636}.Debug|Any CPU.ActiveCfg = Debug|Any CPU
		{1862BE55-C350-41BB-A246-154F8ADB9636}.Debug|Any CPU.Build.0 = Debug|Any CPU
		{1862BE55-C350-41BB-A246-154F8ADB9636}.Release|Any CPU.ActiveCfg = Release|Any CPU
		{1862BE55-C350-41BB-A246-154F8ADB9636}.Release|Any CPU.Build.0 = Release|Any CPU
	EndGlobalSection
	GlobalSection(SolutionProperties) = preSolution
		HideSolutionNode = FALSE
	EndGlobalSection
	GlobalSection(ExtensibilityGlobals) = postSolution
		SolutionGuid = {F7A5EF3F-44F5-4751-B323-5A0304C56065}
	EndGlobalSection
EndGlobal
